
Microsoft Visual Studio Solution File, Format Version 12.00
# Visual Studio Version 16
VisualStudioVersion = 16.0.32126.315
MinimumVisualStudioVersion = 10.0.40219.1
Project("{FAE04EC0-301F-11D3-BF4B-00C04F79EFBC}") = "WebApplication.mvc", "WebApplication.mvc.csproj", "{A5BAAC05-A916-4373-BF84-94989E8CA3AE}"
EndProject
Global
	GlobalSection(SolutionConfigurationPlatforms) = preSolution
		Debug|Any CPU = Debug|Any CPU
		Release|Any CPU = Release|Any CPU
	EndGlobalSection
	GlobalSection(ProjectConfigurationPlatforms) = postSolution
		{A5BAAC05-A916-4373-BF84-94989E8CA3AE}.Debug|Any CPU.ActiveCfg = Debug|Any CPU
		{A5BAAC05-A916-4373-BF84-94989E8CA3AE}.Debug|Any CPU.Build.0 = Debug|Any CPU
		{A5BAAC05-A916-4373-BF84-94989E8CA3AE}.Release|Any CPU.ActiveCfg = Release|Any CPU
		{A5BAAC05-A916-4373-BF84-94989E8CA3AE}.Release|Any CPU.Build.0 = Release|Any CPU
	EndGlobalSection
	GlobalSection(SolutionProperties) = preSolution
		HideSolutionNode = FALSE
	EndGlobalSection
	GlobalSection(ExtensibilityGlobals) = postSolution
		SolutionGuid = {340926A0-3CE0-416F-AD81-07AF2DBA0A16}
	EndGlobalSection
EndGlobal
